// !$*UTF8*$!
{
	archiveVersion = 1;
	classes = {
	};
	objectVersion = 46;
	objects = {

/* Begin PBXBuildFile section */
		CA19FA46141CE90C007D8670 /* UIKit.framework in Frameworks */ = {isa = PBXBuildFile; fileRef = CA19FA45141CE90C007D8670 /* UIKit.framework */; };
		CA19FA48141CE90C007D8670 /* Foundation.framework in Frameworks */ = {isa = PBXBuildFile; fileRef = CA19FA47141CE90C007D8670 /* Foundation.framework */; };
		CA19FA4A141CE90C007D8670 /* CoreGraphics.framework in Frameworks */ = {isa = PBXBuildFile; fileRef = CA19FA49141CE90C007D8670 /* CoreGraphics.framework */; };
		CA19FA50141CE90C007D8670 /* InfoPlist.strings in Resources */ = {isa = PBXBuildFile; fileRef = CA19FA4E141CE90C007D8670 /* InfoPlist.strings */; };
		CA19FA52141CE90C007D8670 /* main.m in Sources */ = {isa = PBXBuildFile; fileRef = CA19FA51141CE90C007D8670 /* main.m */; };
		CA19FA56141CE90C007D8670 /* BooYaAppDelegate.m in Sources */ = {isa = PBXBuildFile; fileRef = CA19FA55141CE90C007D8670 /* BooYaAppDelegate.m */; };
		CA19FA59141CE90C007D8670 /* MainWindow.xib in Resources */ = {isa = PBXBuildFile; fileRef = CA19FA57141CE90C007D8670 /* MainWindow.xib */; };
		CA19FA5C141CE90C007D8670 /* RootViewController.m in Sources */ = {isa = PBXBuildFile; fileRef = CA19FA5B141CE90C007D8670 /* RootViewController.m */; };
		CA19FA5F141CE90C007D8670 /* RootViewController.xib in Resources */ = {isa = PBXBuildFile; fileRef = CA19FA5D141CE90C007D8670 /* RootViewController.xib */; };
		CA19FA68141CE915007D8670 /* MainWindow-iPad.xib in Resources */ = {isa = PBXBuildFile; fileRef = CA19FA66141CE915007D8670 /* MainWindow-iPad.xib */; };
		CA277D5E141CEFD100BB14EC /* BooYaViewController.m in Sources */ = {isa = PBXBuildFile; fileRef = CA277D5C141CEFD100BB14EC /* BooYaViewController.m */; };
		CA277D5F141CEFD100BB14EC /* BooYaViewController.xib in Resources */ = {isa = PBXBuildFile; fileRef = CA277D5D141CEFD100BB14EC /* BooYaViewController.xib */; };
		CA277D65141CF17B00BB14EC /* AddressBook.framework in Frameworks */ = {isa = PBXBuildFile; fileRef = CA277D64141CF17B00BB14EC /* AddressBook.framework */; };
		CA277D85141CF66F00BB14EC /* ASIAuthenticationDialog.m in Sources */ = {isa = PBXBuildFile; fileRef = CA277D76141CF66F00BB14EC /* ASIAuthenticationDialog.m */; };
		CA277D86141CF66F00BB14EC /* ASIInputStream.m in Sources */ = {isa = PBXBuildFile; fileRef = CA277D78141CF66F00BB14EC /* ASIInputStream.m */; };
		CA277D87141CF66F00BB14EC /* ASIFormDataRequest.m in Sources */ = {isa = PBXBuildFile; fileRef = CA277D7A141CF66F00BB14EC /* ASIFormDataRequest.m */; };
		CA277D88141CF66F00BB14EC /* ASIHTTPRequest.m in Sources */ = {isa = PBXBuildFile; fileRef = CA277D7C141CF66F00BB14EC /* ASIHTTPRequest.m */; };
		CA277D89141CF66F00BB14EC /* ASINetworkQueue.m in Sources */ = {isa = PBXBuildFile; fileRef = CA277D7E141CF66F00BB14EC /* ASINetworkQueue.m */; };
		CA277D8A141CF66F00BB14EC /* ASIDownloadCache.m in Sources */ = {isa = PBXBuildFile; fileRef = CA277D80141CF66F00BB14EC /* ASIDownloadCache.m */; };
		CA277D8B141CF66F00BB14EC /* ASIDataDecompressor.m in Sources */ = {isa = PBXBuildFile; fileRef = CA277D82141CF66F00BB14EC /* ASIDataDecompressor.m */; };
		CA277D8C141CF66F00BB14EC /* ASIDataCompressor.m in Sources */ = {isa = PBXBuildFile; fileRef = CA277D84141CF66F00BB14EC /* ASIDataCompressor.m */; };
		CA277D8F141CF67C00BB14EC /* Reachability.m in Sources */ = {isa = PBXBuildFile; fileRef = CA277D8E141CF67C00BB14EC /* Reachability.m */; };
		CA277D95141CF6E700BB14EC /* CFNetwork.framework in Frameworks */ = {isa = PBXBuildFile; fileRef = CA277D90141CF6E700BB14EC /* CFNetwork.framework */; };
		CA277D96141CF6E700BB14EC /* libz.1.2.3.dylib in Frameworks */ = {isa = PBXBuildFile; fileRef = CA277D92141CF6E700BB14EC /* libz.1.2.3.dylib */; };
		CA277D97141CF6E700BB14EC /* MobileCoreServices.framework in Frameworks */ = {isa = PBXBuildFile; fileRef = CA277D93141CF6E700BB14EC /* MobileCoreServices.framework */; };
		CA277D98141CF6E700BB14EC /* SystemConfiguration.framework in Frameworks */ = {isa = PBXBuildFile; fileRef = CA277D94141CF6E700BB14EC /* SystemConfiguration.framework */; };
		CA277D9F141CF72800BB14EC /* ConnectionManager.m in Sources */ = {isa = PBXBuildFile; fileRef = CA277D9E141CF72800BB14EC /* ConnectionManager.m */; };
		CA277DB2141CF9AA00BB14EC /* NSObject+SBJSON.m in Sources */ = {isa = PBXBuildFile; fileRef = CA277DA9141CF9AA00BB14EC /* NSObject+SBJSON.m */; };
		CA277DB3141CF9AA00BB14EC /* NSString+SBJSON.m in Sources */ = {isa = PBXBuildFile; fileRef = CA277DAB141CF9AA00BB14EC /* NSString+SBJSON.m */; };
		CA277DB4141CF9AA00BB14EC /* SBJsonBase.m in Sources */ = {isa = PBXBuildFile; fileRef = CA277DAD141CF9AA00BB14EC /* SBJsonBase.m */; };
		CA277DB5141CF9AA00BB14EC /* SBJsonParser.m in Sources */ = {isa = PBXBuildFile; fileRef = CA277DAF141CF9AA00BB14EC /* SBJsonParser.m */; };
		CA277DB6141CF9AA00BB14EC /* SBJsonWriter.m in Sources */ = {isa = PBXBuildFile; fileRef = CA277DB1141CF9AA00BB14EC /* SBJsonWriter.m */; };
		CA277DBC141DD3A800BB14EC /* BooYaCellView.m in Sources */ = {isa = PBXBuildFile; fileRef = CA277DBB141DD3A800BB14EC /* BooYaCellView.m */; };
		CA277DBE141DD3BD00BB14EC /* BooYaCellView.xib in Resources */ = {isa = PBXBuildFile; fileRef = CA277DBD141DD3BC00BB14EC /* BooYaCellView.xib */; };
/* End PBXBuildFile section */

/* Begin PBXFileReference section */
		CA19FA41141CE90C007D8670 /* BooYa.app */ = {isa = PBXFileReference; explicitFileType = wrapper.application; includeInIndex = 0; path = BooYa.app; sourceTree = BUILT_PRODUCTS_DIR; };
		CA19FA45141CE90C007D8670 /* UIKit.framework */ = {isa = PBXFileReference; lastKnownFileType = wrapper.framework; name = UIKit.framework; path = System/Library/Frameworks/UIKit.framework; sourceTree = SDKROOT; };
		CA19FA47141CE90C007D8670 /* Foundation.framework */ = {isa = PBXFileReference; lastKnownFileType = wrapper.framework; name = Foundation.framework; path = System/Library/Frameworks/Foundation.framework; sourceTree = SDKROOT; };
		CA19FA49141CE90C007D8670 /* CoreGraphics.framework */ = {isa = PBXFileReference; lastKnownFileType = wrapper.framework; name = CoreGraphics.framework; path = System/Library/Frameworks/CoreGraphics.framework; sourceTree = SDKROOT; };
		CA19FA4D141CE90C007D8670 /* BooYa-Info.plist */ = {isa = PBXFileReference; lastKnownFileType = text.plist.xml; path = "BooYa-Info.plist"; sourceTree = "<group>"; };
		CA19FA4F141CE90C007D8670 /* en */ = {isa = PBXFileReference; lastKnownFileType = text.plist.strings; name = en; path = en.lproj/InfoPlist.strings; sourceTree = "<group>"; };
		CA19FA51141CE90C007D8670 /* main.m */ = {isa = PBXFileReference; lastKnownFileType = sourcecode.c.objc; path = main.m; sourceTree = "<group>"; };
		CA19FA53141CE90C007D8670 /* BooYa-Prefix.pch */ = {isa = PBXFileReference; lastKnownFileType = sourcecode.c.h; path = "BooYa-Prefix.pch"; sourceTree = "<group>"; };
		CA19FA54141CE90C007D8670 /* BooYaAppDelegate.h */ = {isa = PBXFileReference; lastKnownFileType = sourcecode.c.h; path = BooYaAppDelegate.h; sourceTree = "<group>"; };
		CA19FA55141CE90C007D8670 /* BooYaAppDelegate.m */ = {isa = PBXFileReference; lastKnownFileType = sourcecode.c.objc; path = BooYaAppDelegate.m; sourceTree = "<group>"; };
		CA19FA58141CE90C007D8670 /* en */ = {isa = PBXFileReference; lastKnownFileType = file.xib; name = en; path = en.lproj/MainWindow.xib; sourceTree = "<group>"; };
		CA19FA5A141CE90C007D8670 /* RootViewController.h */ = {isa = PBXFileReference; lastKnownFileType = sourcecode.c.h; path = RootViewController.h; sourceTree = "<group>"; };
		CA19FA5B141CE90C007D8670 /* RootViewController.m */ = {isa = PBXFileReference; lastKnownFileType = sourcecode.c.objc; path = RootViewController.m; sourceTree = "<group>"; };
		CA19FA5E141CE90C007D8670 /* en */ = {isa = PBXFileReference; lastKnownFileType = file.xib; name = en; path = en.lproj/RootViewController.xib; sourceTree = "<group>"; };
		CA19FA67141CE915007D8670 /* en */ = {isa = PBXFileReference; lastKnownFileType = file.xib; name = en; path = "iPad/en.lproj/MainWindow-iPad.xib"; sourceTree = "<group>"; };
		CA277D5B141CEFD100BB14EC /* BooYaViewController.h */ = {isa = PBXFileReference; fileEncoding = 4; lastKnownFileType = sourcecode.c.h; path = BooYaViewController.h; sourceTree = "<group>"; };
		CA277D5C141CEFD100BB14EC /* BooYaViewController.m */ = {isa = PBXFileReference; fileEncoding = 4; lastKnownFileType = sourcecode.c.objc; path = BooYaViewController.m; sourceTree = "<group>"; };
		CA277D5D141CEFD100BB14EC /* BooYaViewController.xib */ = {isa = PBXFileReference; fileEncoding = 4; lastKnownFileType = file.xib; path = BooYaViewController.xib; sourceTree = "<group>"; };
		CA277D64141CF17B00BB14EC /* AddressBook.framework */ = {isa = PBXFileReference; lastKnownFileType = wrapper.framework; name = AddressBook.framework; path = System/Library/Frameworks/AddressBook.framework; sourceTree = SDKROOT; };
		CA277D71141CF66F00BB14EC /* ASIHTTPRequestConfig.h */ = {isa = PBXFileReference; fileEncoding = 4; lastKnownFileType = sourcecode.c.h; path = ASIHTTPRequestConfig.h; sourceTree = "<group>"; };
		CA277D72141CF66F00BB14EC /* ASICacheDelegate.h */ = {isa = PBXFileReference; fileEncoding = 4; lastKnownFileType = sourcecode.c.h; path = ASICacheDelegate.h; sourceTree = "<group>"; };
		CA277D73141CF66F00BB14EC /* ASIHTTPRequestDelegate.h */ = {isa = PBXFileReference; fileEncoding = 4; lastKnownFileType = sourcecode.c.h; path = ASIHTTPRequestDelegate.h; sourceTree = "<group>"; };
		CA277D74141CF66F00BB14EC /* ASIProgressDelegate.h */ = {isa = PBXFileReference; fileEncoding = 4; lastKnownFileType = sourcecode.c.h; path = ASIProgressDelegate.h; sourceTree = "<group>"; };
		CA277D75141CF66F00BB14EC /* ASIAuthenticationDialog.h */ = {isa = PBXFileReference; fileEncoding = 4; lastKnownFileType = sourcecode.c.h; path = ASIAuthenticationDialog.h; sourceTree = "<group>"; };
		CA277D76141CF66F00BB14EC /* ASIAuthenticationDialog.m */ = {isa = PBXFileReference; fileEncoding = 4; lastKnownFileType = sourcecode.c.objc; path = ASIAuthenticationDialog.m; sourceTree = "<group>"; };
		CA277D77141CF66F00BB14EC /* ASIInputStream.h */ = {isa = PBXFileReference; fileEncoding = 4; lastKnownFileType = sourcecode.c.h; path = ASIInputStream.h; sourceTree = "<group>"; };
		CA277D78141CF66F00BB14EC /* ASIInputStream.m */ = {isa = PBXFileReference; fileEncoding = 4; lastKnownFileType = sourcecode.c.objc; path = ASIInputStream.m; sourceTree = "<group>"; };
		CA277D79141CF66F00BB14EC /* ASIFormDataRequest.h */ = {isa = PBXFileReference; fileEncoding = 4; lastKnownFileType = sourcecode.c.h; path = ASIFormDataRequest.h; sourceTree = "<group>"; };
		CA277D7A141CF66F00BB14EC /* ASIFormDataRequest.m */ = {isa = PBXFileReference; fileEncoding = 4; lastKnownFileType = sourcecode.c.objc; path = ASIFormDataRequest.m; sourceTree = "<group>"; };
		CA277D7B141CF66F00BB14EC /* ASIHTTPRequest.h */ = {isa = PBXFileReference; fileEncoding = 4; lastKnownFileType = sourcecode.c.h; path = ASIHTTPRequest.h; sourceTree = "<group>"; };
		CA277D7C141CF66F00BB14EC /* ASIHTTPRequest.m */ = {isa = PBXFileReference; fileEncoding = 4; lastKnownFileType = sourcecode.c.objc; path = ASIHTTPRequest.m; sourceTree = "<group>"; };
		CA277D7D141CF66F00BB14EC /* ASINetworkQueue.h */ = {isa = PBXFileReference; fileEncoding = 4; lastKnownFileType = sourcecode.c.h; path = ASINetworkQueue.h; sourceTree = "<group>"; };
		CA277D7E141CF66F00BB14EC /* ASINetworkQueue.m */ = {isa = PBXFileReference; fileEncoding = 4; lastKnownFileType = sourcecode.c.objc; path = ASINetworkQueue.m; sourceTree = "<group>"; };
		CA277D7F141CF66F00BB14EC /* ASIDownloadCache.h */ = {isa = PBXFileReference; fileEncoding = 4; lastKnownFileType = sourcecode.c.h; path = ASIDownloadCache.h; sourceTree = "<group>"; };
		CA277D80141CF66F00BB14EC /* ASIDownloadCache.m */ = {isa = PBXFileReference; fileEncoding = 4; lastKnownFileType = sourcecode.c.objc; path = ASIDownloadCache.m; sourceTree = "<group>"; };
		CA277D81141CF66F00BB14EC /* ASIDataDecompressor.h */ = {isa = PBXFileReference; fileEncoding = 4; lastKnownFileType = sourcecode.c.h; path = ASIDataDecompressor.h; sourceTree = "<group>"; };
		CA277D82141CF66F00BB14EC /* ASIDataDecompressor.m */ = {isa = PBXFileReference; fileEncoding = 4; lastKnownFileType = sourcecode.c.objc; path = ASIDataDecompressor.m; sourceTree = "<group>"; };
		CA277D83141CF66F00BB14EC /* ASIDataCompressor.h */ = {isa = PBXFileReference; fileEncoding = 4; lastKnownFileType = sourcecode.c.h; path = ASIDataCompressor.h; sourceTree = "<group>"; };
		CA277D84141CF66F00BB14EC /* ASIDataCompressor.m */ = {isa = PBXFileReference; fileEncoding = 4; lastKnownFileType = sourcecode.c.objc; path = ASIDataCompressor.m; sourceTree = "<group>"; };
		CA277D8D141CF67C00BB14EC /* Reachability.h */ = {isa = PBXFileReference; fileEncoding = 4; lastKnownFileType = sourcecode.c.h; path = Reachability.h; sourceTree = "<group>"; };
		CA277D8E141CF67C00BB14EC /* Reachability.m */ = {isa = PBXFileReference; fileEncoding = 4; lastKnownFileType = sourcecode.c.objc; path = Reachability.m; sourceTree = "<group>"; };
		CA277D90141CF6E700BB14EC /* CFNetwork.framework */ = {isa = PBXFileReference; lastKnownFileType = wrapper.framework; name = CFNetwork.framework; path = System/Library/Frameworks/CFNetwork.framework; sourceTree = SDKROOT; };
		CA277D91141CF6E700BB14EC /* CoreGraphics.framework */ = {isa = PBXFileReference; lastKnownFileType = wrapper.framework; name = CoreGraphics.framework; path = System/Library/Frameworks/CoreGraphics.framework; sourceTree = SDKROOT; };
		CA277D92141CF6E700BB14EC /* libz.1.2.3.dylib */ = {isa = PBXFileReference; lastKnownFileType = "compiled.mach-o.dylib"; name = libz.1.2.3.dylib; path = usr/lib/libz.1.2.3.dylib; sourceTree = SDKROOT; };
		CA277D93141CF6E700BB14EC /* MobileCoreServices.framework */ = {isa = PBXFileReference; lastKnownFileType = wrapper.framework; name = MobileCoreServices.framework; path = System/Library/Frameworks/MobileCoreServices.framework; sourceTree = SDKROOT; };
		CA277D94141CF6E700BB14EC /* SystemConfiguration.framework */ = {isa = PBXFileReference; lastKnownFileType = wrapper.framework; name = SystemConfiguration.framework; path = System/Library/Frameworks/SystemConfiguration.framework; sourceTree = SDKROOT; };
		CA277D9D141CF72800BB14EC /* ConnectionManager.h */ = {isa = PBXFileReference; fileEncoding = 4; lastKnownFileType = sourcecode.c.h; path = ConnectionManager.h; sourceTree = "<group>"; };
		CA277D9E141CF72800BB14EC /* ConnectionManager.m */ = {isa = PBXFileReference; fileEncoding = 4; lastKnownFileType = sourcecode.c.objc; path = ConnectionManager.m; sourceTree = "<group>"; };
		CA277DA7141CF9AA00BB14EC /* JSON.h */ = {isa = PBXFileReference; fileEncoding = 4; lastKnownFileType = sourcecode.c.h; path = JSON.h; sourceTree = "<group>"; };
		CA277DA8141CF9AA00BB14EC /* NSObject+SBJSON.h */ = {isa = PBXFileReference; fileEncoding = 4; lastKnownFileType = sourcecode.c.h; path = "NSObject+SBJSON.h"; sourceTree = "<group>"; };
		CA277DA9141CF9AA00BB14EC /* NSObject+SBJSON.m */ = {isa = PBXFileReference; fileEncoding = 4; lastKnownFileType = sourcecode.c.objc; path = "NSObject+SBJSON.m"; sourceTree = "<group>"; };
		CA277DAA141CF9AA00BB14EC /* NSString+SBJSON.h */ = {isa = PBXFileReference; fileEncoding = 4; lastKnownFileType = sourcecode.c.h; path = "NSString+SBJSON.h"; sourceTree = "<group>"; };
		CA277DAB141CF9AA00BB14EC /* NSString+SBJSON.m */ = {isa = PBXFileReference; fileEncoding = 4; lastKnownFileType = sourcecode.c.objc; path = "NSString+SBJSON.m"; sourceTree = "<group>"; };
		CA277DAC141CF9AA00BB14EC /* SBJsonBase.h */ = {isa = PBXFileReference; fileEncoding = 4; lastKnownFileType = sourcecode.c.h; path = SBJsonBase.h; sourceTree = "<group>"; };
		CA277DAD141CF9AA00BB14EC /* SBJsonBase.m */ = {isa = PBXFileReference; fileEncoding = 4; lastKnownFileType = sourcecode.c.objc; path = SBJsonBase.m; sourceTree = "<group>"; };
		CA277DAE141CF9AA00BB14EC /* SBJsonParser.h */ = {isa = PBXFileReference; fileEncoding = 4; lastKnownFileType = sourcecode.c.h; path = SBJsonParser.h; sourceTree = "<group>"; };
		CA277DAF141CF9AA00BB14EC /* SBJsonParser.m */ = {isa = PBXFileReference; fileEncoding = 4; lastKnownFileType = sourcecode.c.objc; path = SBJsonParser.m; sourceTree = "<group>"; };
		CA277DB0141CF9AA00BB14EC /* SBJsonWriter.h */ = {isa = PBXFileReference; fileEncoding = 4; lastKnownFileType = sourcecode.c.h; path = SBJsonWriter.h; sourceTree = "<group>"; };
		CA277DB1141CF9AA00BB14EC /* SBJsonWriter.m */ = {isa = PBXFileReference; fileEncoding = 4; lastKnownFileType = sourcecode.c.objc; path = SBJsonWriter.m; sourceTree = "<group>"; };
		CA277DB7141CFB8F00BB14EC /* Constants.h */ = {isa = PBXFileReference; fileEncoding = 4; lastKnownFileType = sourcecode.c.h; path = Constants.h; sourceTree = "<group>"; };
		CA277DBA141DD3A700BB14EC /* BooYaCellView.h */ = {isa = PBXFileReference; fileEncoding = 4; lastKnownFileType = sourcecode.c.h; path = BooYaCellView.h; sourceTree = "<group>"; };
		CA277DBB141DD3A800BB14EC /* BooYaCellView.m */ = {isa = PBXFileReference; fileEncoding = 4; lastKnownFileType = sourcecode.c.objc; path = BooYaCellView.m; sourceTree = "<group>"; };
		CA277DBD141DD3BC00BB14EC /* BooYaCellView.xib */ = {isa = PBXFileReference; fileEncoding = 4; lastKnownFileType = file.xib; path = BooYaCellView.xib; sourceTree = "<group>"; };
/* End PBXFileReference section */

/* Begin PBXFrameworksBuildPhase section */
		CA19FA3E141CE90B007D8670 /* Frameworks */ = {
			isa = PBXFrameworksBuildPhase;
			buildActionMask = 2147483647;
			files = (
				CA277D95141CF6E700BB14EC /* CFNetwork.framework in Frameworks */,
				CA19FA4A141CE90C007D8670 /* CoreGraphics.framework in Frameworks */,
				CA277D96141CF6E700BB14EC /* libz.1.2.3.dylib in Frameworks */,
				CA277D97141CF6E700BB14EC /* MobileCoreServices.framework in Frameworks */,
				CA277D98141CF6E700BB14EC /* SystemConfiguration.framework in Frameworks */,
				CA277D65141CF17B00BB14EC /* AddressBook.framework in Frameworks */,
				CA19FA46141CE90C007D8670 /* UIKit.framework in Frameworks */,
				CA19FA48141CE90C007D8670 /* Foundation.framework in Frameworks */,
			);
			runOnlyForDeploymentPostprocessing = 0;
		};
/* End PBXFrameworksBuildPhase section */

/* Begin PBXGroup section */
		CA19FA36141CE90B007D8670 = {
			isa = PBXGroup;
			children = (
				CA19FA4B141CE90C007D8670 /* BooYa */,
				CA19FA44141CE90C007D8670 /* Frameworks */,
				CA19FA42141CE90C007D8670 /* Products */,
			);
			sourceTree = "<group>";
		};
		CA19FA42141CE90C007D8670 /* Products */ = {
			isa = PBXGroup;
			children = (
				CA19FA41141CE90C007D8670 /* BooYa.app */,
			);
			name = Products;
			sourceTree = "<group>";
		};
		CA19FA44141CE90C007D8670 /* Frameworks */ = {
			isa = PBXGroup;
			children = (
				CA277D90141CF6E700BB14EC /* CFNetwork.framework */,
				CA277D91141CF6E700BB14EC /* CoreGraphics.framework */,
				CA277D92141CF6E700BB14EC /* libz.1.2.3.dylib */,
				CA277D93141CF6E700BB14EC /* MobileCoreServices.framework */,
				CA277D94141CF6E700BB14EC /* SystemConfiguration.framework */,
				CA277D64141CF17B00BB14EC /* AddressBook.framework */,
				CA19FA45141CE90C007D8670 /* UIKit.framework */,
				CA19FA47141CE90C007D8670 /* Foundation.framework */,
				CA19FA49141CE90C007D8670 /* CoreGraphics.framework */,
			);
			name = Frameworks;
			sourceTree = "<group>";
		};
		CA19FA4B141CE90C007D8670 /* BooYa */ = {
			isa = PBXGroup;
			children = (
				CA277DA6141CF99D00BB14EC /* JSON */,
				CA277D9D141CF72800BB14EC /* ConnectionManager.h */,
				CA277D9E141CF72800BB14EC /* ConnectionManager.m */,
				CA277D70141CF65300BB14EC /* ASIHTTPRequest */,
				CA19FA65141CE913007D8670 /* iPad */,
				CA19FA54141CE90C007D8670 /* BooYaAppDelegate.h */,
				CA19FA55141CE90C007D8670 /* BooYaAppDelegate.m */,
				CA19FA57141CE90C007D8670 /* MainWindow.xib */,
				CA19FA5A141CE90C007D8670 /* RootViewController.h */,
				CA19FA5B141CE90C007D8670 /* RootViewController.m */,
				CA19FA5D141CE90C007D8670 /* RootViewController.xib */,
				CA277D5B141CEFD100BB14EC /* BooYaViewController.h */,
				CA277D5C141CEFD100BB14EC /* BooYaViewController.m */,
				CA277D5D141CEFD100BB14EC /* BooYaViewController.xib */,
				CA277DBA141DD3A700BB14EC /* BooYaCellView.h */,
				CA277DBB141DD3A800BB14EC /* BooYaCellView.m */,
				CA277DBD141DD3BC00BB14EC /* BooYaCellView.xib */,
				CA19FA4C141CE90C007D8670 /* Supporting Files */,
				CA277DB7141CFB8F00BB14EC /* Constants.h */,
			);
			path = BooYa;
			sourceTree = "<group>";
		};
		CA19FA4C141CE90C007D8670 /* Supporting Files */ = {
			isa = PBXGroup;
			children = (
				CA19FA4D141CE90C007D8670 /* BooYa-Info.plist */,
				CA19FA4E141CE90C007D8670 /* InfoPlist.strings */,
				CA19FA51141CE90C007D8670 /* main.m */,
				CA19FA53141CE90C007D8670 /* BooYa-Prefix.pch */,
			);
			name = "Supporting Files";
			sourceTree = "<group>";
		};
		CA19FA65141CE913007D8670 /* iPad */ = {
			isa = PBXGroup;
			children = (
				CA19FA66141CE915007D8670 /* MainWindow-iPad.xib */,
			);
			name = iPad;
			sourceTree = "<group>";
		};
		CA277D70141CF65300BB14EC /* ASIHTTPRequest */ = {
			isa = PBXGroup;
			children = (
				CA277D8D141CF67C00BB14EC /* Reachability.h */,
				CA277D8E141CF67C00BB14EC /* Reachability.m */,
				CA277D71141CF66F00BB14EC /* ASIHTTPRequestConfig.h */,
				CA277D72141CF66F00BB14EC /* ASICacheDelegate.h */,
				CA277D73141CF66F00BB14EC /* ASIHTTPRequestDelegate.h */,
				CA277D74141CF66F00BB14EC /* ASIProgressDelegate.h */,
				CA277D75141CF66F00BB14EC /* ASIAuthenticationDialog.h */,
				CA277D76141CF66F00BB14EC /* ASIAuthenticationDialog.m */,
				CA277D77141CF66F00BB14EC /* ASIInputStream.h */,
				CA277D78141CF66F00BB14EC /* ASIInputStream.m */,
				CA277D79141CF66F00BB14EC /* ASIFormDataRequest.h */,
				CA277D7A141CF66F00BB14EC /* ASIFormDataRequest.m */,
				CA277D7B141CF66F00BB14EC /* ASIHTTPRequest.h */,
				CA277D7C141CF66F00BB14EC /* ASIHTTPRequest.m */,
				CA277D7D141CF66F00BB14EC /* ASINetworkQueue.h */,
				CA277D7E141CF66F00BB14EC /* ASINetworkQueue.m */,
				CA277D7F141CF66F00BB14EC /* ASIDownloadCache.h */,
				CA277D80141CF66F00BB14EC /* ASIDownloadCache.m */,
				CA277D81141CF66F00BB14EC /* ASIDataDecompressor.h */,
				CA277D82141CF66F00BB14EC /* ASIDataDecompressor.m */,
				CA277D83141CF66F00BB14EC /* ASIDataCompressor.h */,
				CA277D84141CF66F00BB14EC /* ASIDataCompressor.m */,
			);
			name = ASIHTTPRequest;
			sourceTree = "<group>";
		};
		CA277DA6141CF99D00BB14EC /* JSON */ = {
			isa = PBXGroup;
			children = (
				CA277DA7141CF9AA00BB14EC /* JSON.h */,
				CA277DA8141CF9AA00BB14EC /* NSObject+SBJSON.h */,
				CA277DA9141CF9AA00BB14EC /* NSObject+SBJSON.m */,
				CA277DAA141CF9AA00BB14EC /* NSString+SBJSON.h */,
				CA277DAB141CF9AA00BB14EC /* NSString+SBJSON.m */,
				CA277DAC141CF9AA00BB14EC /* SBJsonBase.h */,
				CA277DAD141CF9AA00BB14EC /* SBJsonBase.m */,
				CA277DAE141CF9AA00BB14EC /* SBJsonParser.h */,
				CA277DAF141CF9AA00BB14EC /* SBJsonParser.m */,
				CA277DB0141CF9AA00BB14EC /* SBJsonWriter.h */,
				CA277DB1141CF9AA00BB14EC /* SBJsonWriter.m */,
			);
			name = JSON;
			sourceTree = "<group>";
		};
/* End PBXGroup section */

/* Begin PBXNativeTarget section */
		CA19FA40141CE90B007D8670 /* BooYa */ = {
			isa = PBXNativeTarget;
			buildConfigurationList = CA19FA62141CE90C007D8670 /* Build configuration list for PBXNativeTarget "BooYa" */;
			buildPhases = (
				CA19FA3D141CE90B007D8670 /* Sources */,
				CA19FA3E141CE90B007D8670 /* Frameworks */,
				CA19FA3F141CE90B007D8670 /* Resources */,
			);
			buildRules = (
			);
			dependencies = (
			);
			name = BooYa;
			productName = BooYa;
			productReference = CA19FA41141CE90C007D8670 /* BooYa.app */;
			productType = "com.apple.product-type.application";
		};
/* End PBXNativeTarget section */

/* Begin PBXProject section */
		CA19FA38141CE90B007D8670 /* Project object */ = {
			isa = PBXProject;
			attributes = {
				ORGANIZATIONNAME = "OnO Apps";
			};
			buildConfigurationList = CA19FA3B141CE90B007D8670 /* Build configuration list for PBXProject "BooYa" */;
			compatibilityVersion = "Xcode 3.2";
			developmentRegion = English;
			hasScannedForEncodings = 0;
			knownRegions = (
				en,
			);
			mainGroup = CA19FA36141CE90B007D8670;
			productRefGroup = CA19FA42141CE90C007D8670 /* Products */;
			projectDirPath = "";
			projectRoot = "";
			targets = (
				CA19FA40141CE90B007D8670 /* BooYa */,
			);
		};
/* End PBXProject section */

/* Begin PBXResourcesBuildPhase section */
		CA19FA3F141CE90B007D8670 /* Resources */ = {
			isa = PBXResourcesBuildPhase;
			buildActionMask = 2147483647;
			files = (
				CA19FA50141CE90C007D8670 /* InfoPlist.strings in Resources */,
				CA19FA59141CE90C007D8670 /* MainWindow.xib in Resources */,
				CA19FA5F141CE90C007D8670 /* RootViewController.xib in Resources */,
				CA19FA68141CE915007D8670 /* MainWindow-iPad.xib in Resources */,
				CA277D5F141CEFD100BB14EC /* BooYaViewController.xib in Resources */,
				CA277DBE141DD3BD00BB14EC /* BooYaCellView.xib in Resources */,
			);
			runOnlyForDeploymentPostprocessing = 0;
		};
/* End PBXResourcesBuildPhase section */

/* Begin PBXSourcesBuildPhase section */
		CA19FA3D141CE90B007D8670 /* Sources */ = {
			isa = PBXSourcesBuildPhase;
			buildActionMask = 2147483647;
			files = (
				CA19FA52141CE90C007D8670 /* main.m in Sources */,
				CA19FA56141CE90C007D8670 /* BooYaAppDelegate.m in Sources */,
				CA19FA5C141CE90C007D8670 /* RootViewController.m in Sources */,
				CA277D5E141CEFD100BB14EC /* BooYaViewController.m in Sources */,
				CA277D85141CF66F00BB14EC /* ASIAuthenticationDialog.m in Sources */,
				CA277D86141CF66F00BB14EC /* ASIInputStream.m in Sources */,
				CA277D87141CF66F00BB14EC /* ASIFormDataRequest.m in Sources */,
				CA277D88141CF66F00BB14EC /* ASIHTTPRequest.m in Sources */,
				CA277D89141CF66F00BB14EC /* ASINetworkQueue.m in Sources */,
				CA277D8A141CF66F00BB14EC /* ASIDownloadCache.m in Sources */,
				CA277D8B141CF66F00BB14EC /* ASIDataDecompressor.m in Sources */,
				CA277D8C141CF66F00BB14EC /* ASIDataCompressor.m in Sources */,
				CA277D8F141CF67C00BB14EC /* Reachability.m in Sources */,
				CA277D9F141CF72800BB14EC /* ConnectionManager.m in Sources */,
				CA277DB2141CF9AA00BB14EC /* NSObject+SBJSON.m in Sources */,
				CA277DB3141CF9AA00BB14EC /* NSString+SBJSON.m in Sources */,
				CA277DB4141CF9AA00BB14EC /* SBJsonBase.m in Sources */,
				CA277DB5141CF9AA00BB14EC /* SBJsonParser.m in Sources */,
				CA277DB6141CF9AA00BB14EC /* SBJsonWriter.m in Sources */,
				CA277DBC141DD3A800BB14EC /* BooYaCellView.m in Sources */,
			);
			runOnlyForDeploymentPostprocessing = 0;
		};
/* End PBXSourcesBuildPhase section */

/* Begin PBXVariantGroup section */
		CA19FA4E141CE90C007D8670 /* InfoPlist.strings */ = {
			isa = PBXVariantGroup;
			children = (
				CA19FA4F141CE90C007D8670 /* en */,
			);
			name = InfoPlist.strings;
			sourceTree = "<group>";
		};
		CA19FA57141CE90C007D8670 /* MainWindow.xib */ = {
			isa = PBXVariantGroup;
			children = (
				CA19FA58141CE90C007D8670 /* en */,
			);
			name = MainWindow.xib;
			sourceTree = "<group>";
		};
		CA19FA5D141CE90C007D8670 /* RootViewController.xib */ = {
			isa = PBXVariantGroup;
			children = (
				CA19FA5E141CE90C007D8670 /* en */,
			);
			name = RootViewController.xib;
			sourceTree = "<group>";
		};
		CA19FA66141CE915007D8670 /* MainWindow-iPad.xib */ = {
			isa = PBXVariantGroup;
			children = (
				CA19FA67141CE915007D8670 /* en */,
			);
			name = "MainWindow-iPad.xib";
			sourceTree = "<group>";
		};
/* End PBXVariantGroup section */

/* Begin XCBuildConfiguration section */
		CA19FA60141CE90C007D8670 /* Debug */ = {
			isa = XCBuildConfiguration;
			buildSettings = {
				ALWAYS_SEARCH_USER_PATHS = NO;
				ARCHS = "$(ARCHS_STANDARD_32_BIT)";
				"CODE_SIGN_IDENTITY[sdk=iphoneos*]" = "iPhone Developer: Noam Mayafit (2QMEHXJ6KG)";
				COPY_PHASE_STRIP = NO;
				GCC_C_LANGUAGE_STANDARD = gnu99;
				GCC_DYNAMIC_NO_PIC = NO;
				GCC_OPTIMIZATION_LEVEL = 0;
				GCC_PREPROCESSOR_DEFINITIONS = (
					"DEBUG=1",
					"$(inherited)",
				);
				GCC_SYMBOLS_PRIVATE_EXTERN = NO;
				GCC_VERSION = com.apple.compilers.llvmgcc42;
				GCC_WARN_ABOUT_MISSING_PROTOTYPES = YES;
				GCC_WARN_ABOUT_RETURN_TYPE = YES;
				GCC_WARN_UNUSED_VARIABLE = YES;
				IPHONEOS_DEPLOYMENT_TARGET = 4.3;
				"PROVISIONING_PROFILE[sdk=iphoneos*]" = "2511B21D-AB7F-4D8B-9613-409650FA925B";
				SDKROOT = iphoneos;
			};
			name = Debug;
		};
		CA19FA61141CE90C007D8670 /* Release */ = {
			isa = XCBuildConfiguration;
			buildSettings = {
				ALWAYS_SEARCH_USER_PATHS = NO;
				ARCHS = "$(ARCHS_STANDARD_32_BIT)";
				"CODE_SIGN_IDENTITY[sdk=iphoneos*]" = "iPhone Developer";
				COPY_PHASE_STRIP = YES;
				GCC_C_LANGUAGE_STANDARD = gnu99;
				GCC_VERSION = com.apple.compilers.llvmgcc42;
				GCC_WARN_ABOUT_MISSING_PROTOTYPES = YES;
				GCC_WARN_ABOUT_RETURN_TYPE = YES;
				GCC_WARN_UNUSED_VARIABLE = YES;
				IPHONEOS_DEPLOYMENT_TARGET = 4.3;
				OTHER_CFLAGS = "-DNS_BLOCK_ASSERTIONS=1";
				SDKROOT = iphoneos;
				VALIDATE_PRODUCT = YES;
			};
			name = Release;
		};
		CA19FA63141CE90C007D8670 /* Debug */ = {
			isa = XCBuildConfiguration;
			buildSettings = {
				GCC_PRECOMPILE_PREFIX_HEADER = YES;
				GCC_PREFIX_HEADER = "BooYa/BooYa-Prefix.pch";
				INFOPLIST_FILE = "BooYa/BooYa-Info.plist";
				IPHONEOS_DEPLOYMENT_TARGET = 4.3;
				PRODUCT_NAME = "$(TARGET_NAME)";
				TARGETED_DEVICE_FAMILY = "1,2";
				WRAPPER_EXTENSION = app;
			};
			name = Debug;
		};
		CA19FA64141CE90C007D8670 /* Release */ = {
			isa = XCBuildConfiguration;
			buildSettings = {
				GCC_PRECOMPILE_PREFIX_HEADER = YES;
				GCC_PREFIX_HEADER = "BooYa/BooYa-Prefix.pch";
				INFOPLIST_FILE = "BooYa/BooYa-Info.plist";
				IPHONEOS_DEPLOYMENT_TARGET = 4.3;
				PRODUCT_NAME = "$(TARGET_NAME)";
				TARGETED_DEVICE_FAMILY = "1,2";
				WRAPPER_EXTENSION = app;
			};
			name = Release;
		};
		CA277D68141CF59500BB14EC /* Adhoc */ = {
			isa = XCBuildConfiguration;
			buildSettings = {
				ALWAYS_SEARCH_USER_PATHS = NO;
				ARCHS = "$(ARCHS_STANDARD_32_BIT)";
				"CODE_SIGN_IDENTITY[sdk=iphoneos*]" = "iPhone Developer";
				COPY_PHASE_STRIP = NO;
				GCC_C_LANGUAGE_STANDARD = gnu99;
				GCC_DYNAMIC_NO_PIC = NO;
				GCC_OPTIMIZATION_LEVEL = 0;
				GCC_PREPROCESSOR_DEFINITIONS = (
					"DEBUG=1",
					"$(inherited)",
				);
				GCC_SYMBOLS_PRIVATE_EXTERN = NO;
				GCC_VERSION = com.apple.compilers.llvmgcc42;
				GCC_WARN_ABOUT_MISSING_PROTOTYPES = YES;
				GCC_WARN_ABOUT_RETURN_TYPE = YES;
				GCC_WARN_UNUSED_VARIABLE = YES;
				IPHONEOS_DEPLOYMENT_TARGET = 4.3;
				SDKROOT = iphoneos;
			};
			name = Adhoc;
		};
		CA277D69141CF59500BB14EC /* Adhoc */ = {
			isa = XCBuildConfiguration;
			buildSettings = {
				GCC_PRECOMPILE_PREFIX_HEADER = YES;
				GCC_PREFIX_HEADER = "BooYa/BooYa-Prefix.pch";
				INFOPLIST_FILE = "BooYa/BooYa-Info.plist";
				IPHONEOS_DEPLOYMENT_TARGET = 4.3;
				PRODUCT_NAME = "$(TARGET_NAME)";
				TARGETED_DEVICE_FAMILY = "1,2";
				WRAPPER_EXTENSION = app;
			};
			name = Adhoc;
		};
/* End XCBuildConfiguration section */

/* Begin XCConfigurationList section */
		CA19FA3B141CE90B007D8670 /* Build configuration list for PBXProject "BooYa" */ = {
			isa = XCConfigurationList;
			buildConfigurations = (
				CA19FA60141CE90C007D8670 /* Debug */,
				CA277D68141CF59500BB14EC /* Adhoc */,
				CA19FA61141CE90C007D8670 /* Release */,
			);
			defaultConfigurationIsVisible = 0;
			defaultConfigurationName = Release;
		};
		CA19FA62141CE90C007D8670 /* Build configuration list for PBXNativeTarget "BooYa" */ = {
			isa = XCConfigurationList;
			buildConfigurations = (
				CA19FA63141CE90C007D8670 /* Debug */,
				CA277D69141CF59500BB14EC /* Adhoc */,
				CA19FA64141CE90C007D8670 /* Release */,
			);
			defaultConfigurationIsVisible = 0;
			defaultConfigurationName = Release;
		};
/* End XCConfigurationList section */
	};
	rootObject = CA19FA38141CE90B007D8670 /* Project object */;
}
